
Microsoft Visual Studio Solution File, Format Version 12.00
# Visual Studio Version 17
VisualStudioVersion = 17.0.32112.339
MinimumVisualStudioVersion = 10.0.40219.1
Project("{9A19103F-16F7-4668-BE54-9A1E7A4F7556}") = "EjerciciosRecursión", "EjerciciosRecursión\EjerciciosRecursión.csproj", "{D3766376-211E-444F-86C1-7DA1DC7E1349}"
EndProject
Project("{FAE04EC0-301F-11D3-BF4B-00C04F79EFBC}") = "ConcursoRecursion", "ConcursoRecursion\ConcursoRecursion.csproj", "{AD6BBAF8-3AC8-4970-9901-65B17CF61DBD}"
EndProject
Global
	GlobalSection(SolutionConfigurationPlatforms) = preSolution
		Debug|Any CPU = Debug|Any CPU
		Release|Any CPU = Release|Any CPU
	EndGlobalSection
	GlobalSection(ProjectConfigurationPlatforms) = postSolution
		{D3766376-211E-444F-86C1-7DA1DC7E1349}.Debug|Any CPU.ActiveCfg = Debug|Any CPU
		{D3766376-211E-444F-86C1-7DA1DC7E1349}.Debug|Any CPU.Build.0 = Debug|Any CPU
		{D3766376-211E-444F-86C1-7DA1DC7E1349}.Release|Any CPU.ActiveCfg = Release|Any CPU
		{D3766376-211E-444F-86C1-7DA1DC7E1349}.Release|Any CPU.Build.0 = Release|Any CPU
		{AD6BBAF8-3AC8-4970-9901-65B17CF61DBD}.Debug|Any CPU.ActiveCfg = Debug|Any CPU
		{AD6BBAF8-3AC8-4970-9901-65B17CF61DBD}.Debug|Any CPU.Build.0 = Debug|Any CPU
		{AD6BBAF8-3AC8-4970-9901-65B17CF61DBD}.Release|Any CPU.ActiveCfg = Release|Any CPU
		{AD6BBAF8-3AC8-4970-9901-65B17CF61DBD}.Release|Any CPU.Build.0 = Release|Any CPU
	EndGlobalSection
	GlobalSection(SolutionProperties) = preSolution
		HideSolutionNode = FALSE
	EndGlobalSection
	GlobalSection(ExtensibilityGlobals) = postSolution
		SolutionGuid = {E5B01074-4DC1-4A26-9E19-B741AA5F5F4D}
	EndGlobalSection
EndGlobal
